
Microsoft Visual Studio Solution File, Format Version 12.00
# Visual Studio 2013
VisualStudioVersion = 12.0.21005.1
MinimumVisualStudioVersion = 10.0.40219.1
Project("{FAE04EC0-301F-11D3-BF4B-00C04F79EFBC}") = "Web", "Web\Web.csproj", "{F96F7A22-A728-4AC8-A55B-667D6945DE45}"
EndProject
Project("{FAE04EC0-301F-11D3-BF4B-00C04F79EFBC}") = "Common", "Common\Common.csproj", "{7318FE01-482C-47FF-A773-DE9AC03C8912}"
EndProject
Project("{CC5FD16D-436D-48AD-A40C-5A424C6E3E79}") = "StorageService", "StorageService\StorageService.ccproj", "{E9D1CC91-493B-49E3-A9A3-CD5579BC7A2B}"
EndProject
Project("{FAE04EC0-301F-11D3-BF4B-00C04F79EFBC}") = "StorageRole", "StorageRole\StorageRole.csproj", "{3B0DA106-44A5-4788-A454-159813CFA35A}"
EndProject
Project("{CC5FD16D-436D-48AD-A40C-5A424C6E3E79}") = "EmailService", "EmailService\EmailService.ccproj", "{CA3C8F24-903A-4ED8-A8C7-60CDB1B4FE3F}"
EndProject
Project("{FAE04EC0-301F-11D3-BF4B-00C04F79EFBC}") = "EmailRole", "EmailRole\EmailRole.csproj", "{27B85A36-0383-4472-BBDE-056588590746}"
EndProject
Global
	GlobalSection(SolutionConfigurationPlatforms) = preSolution
		Debug|Any CPU = Debug|Any CPU
		Release|Any CPU = Release|Any CPU
	EndGlobalSection
	GlobalSection(ProjectConfigurationPlatforms) = postSolution
		{F96F7A22-A728-4AC8-A55B-667D6945DE45}.Debug|Any CPU.ActiveCfg = Debug|Any CPU
		{F96F7A22-A728-4AC8-A55B-667D6945DE45}.Debug|Any CPU.Build.0 = Debug|Any CPU
		{F96F7A22-A728-4AC8-A55B-667D6945DE45}.Release|Any CPU.ActiveCfg = Release|Any CPU
		{F96F7A22-A728-4AC8-A55B-667D6945DE45}.Release|Any CPU.Build.0 = Release|Any CPU
		{7318FE01-482C-47FF-A773-DE9AC03C8912}.Debug|Any CPU.ActiveCfg = Debug|Any CPU
		{7318FE01-482C-47FF-A773-DE9AC03C8912}.Debug|Any CPU.Build.0 = Debug|Any CPU
		{7318FE01-482C-47FF-A773-DE9AC03C8912}.Release|Any CPU.ActiveCfg = Release|Any CPU
		{7318FE01-482C-47FF-A773-DE9AC03C8912}.Release|Any CPU.Build.0 = Release|Any CPU
		{E9D1CC91-493B-49E3-A9A3-CD5579BC7A2B}.Debug|Any CPU.ActiveCfg = Debug|Any CPU
		{E9D1CC91-493B-49E3-A9A3-CD5579BC7A2B}.Debug|Any CPU.Build.0 = Debug|Any CPU
		{E9D1CC91-493B-49E3-A9A3-CD5579BC7A2B}.Release|Any CPU.ActiveCfg = Release|Any CPU
		{E9D1CC91-493B-49E3-A9A3-CD5579BC7A2B}.Release|Any CPU.Build.0 = Release|Any CPU
		{3B0DA106-44A5-4788-A454-159813CFA35A}.Debug|Any CPU.ActiveCfg = Debug|Any CPU
		{3B0DA106-44A5-4788-A454-159813CFA35A}.Debug|Any CPU.Build.0 = Debug|Any CPU
		{3B0DA106-44A5-4788-A454-159813CFA35A}.Release|Any CPU.ActiveCfg = Release|Any CPU
		{3B0DA106-44A5-4788-A454-159813CFA35A}.Release|Any CPU.Build.0 = Release|Any CPU
		{CA3C8F24-903A-4ED8-A8C7-60CDB1B4FE3F}.Debug|Any CPU.ActiveCfg = Debug|Any CPU
		{CA3C8F24-903A-4ED8-A8C7-60CDB1B4FE3F}.Debug|Any CPU.Build.0 = Debug|Any CPU
		{CA3C8F24-903A-4ED8-A8C7-60CDB1B4FE3F}.Release|Any CPU.ActiveCfg = Release|Any CPU
		{CA3C8F24-903A-4ED8-A8C7-60CDB1B4FE3F}.Release|Any CPU.Build.0 = Release|Any CPU
		{27B85A36-0383-4472-BBDE-056588590746}.Debug|Any CPU.ActiveCfg = Debug|Any CPU
		{27B85A36-0383-4472-BBDE-056588590746}.Debug|Any CPU.Build.0 = Debug|Any CPU
		{27B85A36-0383-4472-BBDE-056588590746}.Release|Any CPU.ActiveCfg = Release|Any CPU
		{27B85A36-0383-4472-BBDE-056588590746}.Release|Any CPU.Build.0 = Release|Any CPU
	EndGlobalSection
	GlobalSection(SolutionProperties) = preSolution
		HideSolutionNode = FALSE
	EndGlobalSection
EndGlobal
